
Microsoft Visual Studio Solution File, Format Version 11.00
# Visual Studio 2010
Project("{CC5FD16D-436D-48AD-A40C-5A424C6E3E79}") = "WindowsAzureProject4", "WindowsAzureProject4\WindowsAzureProject4.ccproj", "{EEE4E5A5-94A6-4FBC-B407-20EBF02C0155}"
EndProject
Project("{FAE04EC0-301F-11D3-BF4B-00C04F79EFBC}") = "WCFServiceWebRole1", "WCFServiceWebRole1\WCFServiceWebRole1.csproj", "{B0D08527-FA44-4685-976B-3C328784550B}"
EndProject
Global
	GlobalSection(SolutionConfigurationPlatforms) = preSolution
		Debug|Any CPU = Debug|Any CPU
		Release|Any CPU = Release|Any CPU
	EndGlobalSection
	GlobalSection(ProjectConfigurationPlatforms) = postSolution
		{EEE4E5A5-94A6-4FBC-B407-20EBF02C0155}.Debug|Any CPU.ActiveCfg = Debug|Any CPU
		{EEE4E5A5-94A6-4FBC-B407-20EBF02C0155}.Debug|Any CPU.Build.0 = Debug|Any CPU
		{EEE4E5A5-94A6-4FBC-B407-20EBF02C0155}.Release|Any CPU.ActiveCfg = Release|Any CPU
		{EEE4E5A5-94A6-4FBC-B407-20EBF02C0155}.Release|Any CPU.Build.0 = Release|Any CPU
		{B0D08527-FA44-4685-976B-3C328784550B}.Debug|Any CPU.ActiveCfg = Debug|Any CPU
		{B0D08527-FA44-4685-976B-3C328784550B}.Debug|Any CPU.Build.0 = Debug|Any CPU
		{B0D08527-FA44-4685-976B-3C328784550B}.Release|Any CPU.ActiveCfg = Release|Any CPU
		{B0D08527-FA44-4685-976B-3C328784550B}.Release|Any CPU.Build.0 = Release|Any CPU
	EndGlobalSection
	GlobalSection(SolutionProperties) = preSolution
		HideSolutionNode = FALSE
	EndGlobalSection
EndGlobal
